
Microsoft Visual Studio Solution File, Format Version 12.00
# Visual Studio 2012
Project("{FAE04EC0-301F-11D3-BF4B-00C04F79EFBC}") = "01ConvertDecimalToBinary", "01ConvertDecimalToBinary\01ConvertDecimalToBinary.csproj", "{D2A6F0D7-F14F-45BF-AF8F-3F27FEA07DB5}"
EndProject
Project("{FAE04EC0-301F-11D3-BF4B-00C04F79EFBC}") = "02ConvertBinaryToDecimal", "02ConvertBinaryToDecimal\02ConvertBinaryToDecimal.csproj", "{ECD18086-4435-448E-BEE9-096D53CDC12F}"
EndProject
Project("{FAE04EC0-301F-11D3-BF4B-00C04F79EFBC}") = "BinaryToDecimalUnitTest", "BinaryToDecimalUnitTest\BinaryToDecimalUnitTest.csproj", "{CD2C381F-888C-432E-9101-8C55716D6C7F}"
EndProject
Project("{FAE04EC0-301F-11D3-BF4B-00C04F79EFBC}") = "03DecimalToHexadecimal", "03DecimalToHexadecimal\03DecimalToHexadecimal.csproj", "{81741288-5D1D-4011-805C-BA86AE86F466}"
EndProject
Project("{FAE04EC0-301F-11D3-BF4B-00C04F79EFBC}") = "04ConvertHexaToDecimal", "04ConvertHexaToDecimal\04ConvertHexaToDecimal.csproj", "{93CD126A-E4FE-46AE-8BE1-34D288C748BE}"
EndProject
Project("{FAE04EC0-301F-11D3-BF4B-00C04F79EFBC}") = "05ConvertHexaToBinary", "05ConvertHexaToBinary\05ConvertHexaToBinary.csproj", "{9E1690C0-56E8-46E8-8EA2-D25A72236B8B}"
EndProject
Project("{FAE04EC0-301F-11D3-BF4B-00C04F79EFBC}") = "06ConvertBinaryToHex", "06ConvertBonaryToHex\06ConvertBinaryToHex.csproj", "{48ECD4A5-849A-4FA1-9B85-5617C966E7BB}"
EndProject
Project("{FAE04EC0-301F-11D3-BF4B-00C04F79EFBC}") = "07ConvertFromBaseXToBaseY", "07ConvertFromBaseXToBaseY\07ConvertFromBaseXToBaseY.csproj", "{67E50AFB-D2D3-403D-86A0-43A680DA0A47}"
EndProject
Project("{FAE04EC0-301F-11D3-BF4B-00C04F79EFBC}") = "08BinaryRepresentationOf16Signed", "08BinaryRepresentationOf16Signed\08BinaryRepresentationOf16Signed.csproj", "{12719243-EAB3-43F3-A031-BC87068F5FBC}"
EndProject
Global
	GlobalSection(SolutionConfigurationPlatforms) = preSolution
		Debug|Any CPU = Debug|Any CPU
		Release|Any CPU = Release|Any CPU
	EndGlobalSection
	GlobalSection(ProjectConfigurationPlatforms) = postSolution
		{D2A6F0D7-F14F-45BF-AF8F-3F27FEA07DB5}.Debug|Any CPU.ActiveCfg = Debug|Any CPU
		{D2A6F0D7-F14F-45BF-AF8F-3F27FEA07DB5}.Debug|Any CPU.Build.0 = Debug|Any CPU
		{D2A6F0D7-F14F-45BF-AF8F-3F27FEA07DB5}.Release|Any CPU.ActiveCfg = Release|Any CPU
		{D2A6F0D7-F14F-45BF-AF8F-3F27FEA07DB5}.Release|Any CPU.Build.0 = Release|Any CPU
		{ECD18086-4435-448E-BEE9-096D53CDC12F}.Debug|Any CPU.ActiveCfg = Debug|Any CPU
		{ECD18086-4435-448E-BEE9-096D53CDC12F}.Debug|Any CPU.Build.0 = Debug|Any CPU
		{ECD18086-4435-448E-BEE9-096D53CDC12F}.Release|Any CPU.ActiveCfg = Release|Any CPU
		{ECD18086-4435-448E-BEE9-096D53CDC12F}.Release|Any CPU.Build.0 = Release|Any CPU
		{CD2C381F-888C-432E-9101-8C55716D6C7F}.Debug|Any CPU.ActiveCfg = Debug|Any CPU
		{CD2C381F-888C-432E-9101-8C55716D6C7F}.Debug|Any CPU.Build.0 = Debug|Any CPU
		{CD2C381F-888C-432E-9101-8C55716D6C7F}.Release|Any CPU.ActiveCfg = Release|Any CPU
		{CD2C381F-888C-432E-9101-8C55716D6C7F}.Release|Any CPU.Build.0 = Release|Any CPU
		{81741288-5D1D-4011-805C-BA86AE86F466}.Debug|Any CPU.ActiveCfg = Debug|Any CPU
		{81741288-5D1D-4011-805C-BA86AE86F466}.Debug|Any CPU.Build.0 = Debug|Any CPU
		{81741288-5D1D-4011-805C-BA86AE86F466}.Release|Any CPU.ActiveCfg = Release|Any CPU
		{81741288-5D1D-4011-805C-BA86AE86F466}.Release|Any CPU.Build.0 = Release|Any CPU
		{93CD126A-E4FE-46AE-8BE1-34D288C748BE}.Debug|Any CPU.ActiveCfg = Debug|Any CPU
		{93CD126A-E4FE-46AE-8BE1-34D288C748BE}.Debug|Any CPU.Build.0 = Debug|Any CPU
		{93CD126A-E4FE-46AE-8BE1-34D288C748BE}.Release|Any CPU.ActiveCfg = Release|Any CPU
		{93CD126A-E4FE-46AE-8BE1-34D288C748BE}.Release|Any CPU.Build.0 = Release|Any CPU
		{9E1690C0-56E8-46E8-8EA2-D25A72236B8B}.Debug|Any CPU.ActiveCfg = Debug|Any CPU
		{9E1690C0-56E8-46E8-8EA2-D25A72236B8B}.Debug|Any CPU.Build.0 = Debug|Any CPU
		{9E1690C0-56E8-46E8-8EA2-D25A72236B8B}.Release|Any CPU.ActiveCfg = Release|Any CPU
		{9E1690C0-56E8-46E8-8EA2-D25A72236B8B}.Release|Any CPU.Build.0 = Release|Any CPU
		{48ECD4A5-849A-4FA1-9B85-5617C966E7BB}.Debug|Any CPU.ActiveCfg = Debug|Any CPU
		{48ECD4A5-849A-4FA1-9B85-5617C966E7BB}.Debug|Any CPU.Build.0 = Debug|Any CPU
		{48ECD4A5-849A-4FA1-9B85-5617C966E7BB}.Release|Any CPU.ActiveCfg = Release|Any CPU
		{48ECD4A5-849A-4FA1-9B85-5617C966E7BB}.Release|Any CPU.Build.0 = Release|Any CPU
		{67E50AFB-D2D3-403D-86A0-43A680DA0A47}.Debug|Any CPU.ActiveCfg = Debug|Any CPU
		{67E50AFB-D2D3-403D-86A0-43A680DA0A47}.Debug|Any CPU.Build.0 = Debug|Any CPU
		{67E50AFB-D2D3-403D-86A0-43A680DA0A47}.Release|Any CPU.ActiveCfg = Release|Any CPU
		{67E50AFB-D2D3-403D-86A0-43A680DA0A47}.Release|Any CPU.Build.0 = Release|Any CPU
		{12719243-EAB3-43F3-A031-BC87068F5FBC}.Debug|Any CPU.ActiveCfg = Debug|Any CPU
		{12719243-EAB3-43F3-A031-BC87068F5FBC}.Debug|Any CPU.Build.0 = Debug|Any CPU
		{12719243-EAB3-43F3-A031-BC87068F5FBC}.Release|Any CPU.ActiveCfg = Release|Any CPU
		{12719243-EAB3-43F3-A031-BC87068F5FBC}.Release|Any CPU.Build.0 = Release|Any CPU
	EndGlobalSection
	GlobalSection(SolutionProperties) = preSolution
		HideSolutionNode = FALSE
	EndGlobalSection
EndGlobal
